
Microsoft Visual Studio Solution File, Format Version 12.00
# Visual Studio Version 17
VisualStudioVersion = 17.7.34221.43
MinimumVisualStudioVersion = 10.0.40219.1
Project("{FAE04EC0-301F-11D3-BF4B-00C04F79EFBC}") = "Week1-Ex1.2", "Week1-Ex1.2\Week1-Ex1.2.csproj", "{17F319D4-2981-4DB4-A343-61A8C8B0307D}"
EndProject
Global
	GlobalSection(SolutionConfigurationPlatforms) = preSolution
		Debug|Any CPU = Debug|Any CPU
		Release|Any CPU = Release|Any CPU
	EndGlobalSection
	GlobalSection(ProjectConfigurationPlatforms) = postSolution
		{17F319D4-2981-4DB4-A343-61A8C8B0307D}.Debug|Any CPU.ActiveCfg = Debug|Any CPU
		{17F319D4-2981-4DB4-A343-61A8C8B0307D}.Debug|Any CPU.Build.0 = Debug|Any CPU
		{17F319D4-2981-4DB4-A343-61A8C8B0307D}.Release|Any CPU.ActiveCfg = Release|Any CPU
		{17F319D4-2981-4DB4-A343-61A8C8B0307D}.Release|Any CPU.Build.0 = Release|Any CPU
	EndGlobalSection
	GlobalSection(SolutionProperties) = preSolution
		HideSolutionNode = FALSE
	EndGlobalSection
	GlobalSection(ExtensibilityGlobals) = postSolution
		SolutionGuid = {DBF17E7B-3DD5-40AF-8FA8-46D86AA531AC}
	EndGlobalSection
EndGlobal
